// !$*UTF8*$!
{
	archiveVersion = 1;
	classes = {
	};
	objectVersion = 55;
	objects = {

/* Begin PBXBuildFile section */
		31014D5826EFC2E400569F65 /* django_Message_AppApp.swift in Sources */ = {isa = PBXBuildFile; fileRef = 31014D5726EFC2E400569F65 /* django_Message_AppApp.swift */; };
		31014D5A26EFC2E400569F65 /* ContentView.swift in Sources */ = {isa = PBXBuildFile; fileRef = 31014D5926EFC2E400569F65 /* ContentView.swift */; };
		31014D5C26EFC2E500569F65 /* Assets.xcassets in Resources */ = {isa = PBXBuildFile; fileRef = 31014D5B26EFC2E500569F65 /* Assets.xcassets */; };
		31014D5F26EFC2E500569F65 /* Preview Assets.xcassets in Resources */ = {isa = PBXBuildFile; fileRef = 31014D5E26EFC2E500569F65 /* Preview Assets.xcassets */; };
		318099EC26F3B5FB00B88C34 /* LoadingView.swift in Sources */ = {isa = PBXBuildFile; fileRef = 318099EB26F3B5FB00B88C34 /* LoadingView.swift */; };
		31848D6726F2541400CF2BD7 /* SessionAPI.swift in Sources */ = {isa = PBXBuildFile; fileRef = 31848D6626F2541400CF2BD7 /* SessionAPI.swift */; };
		31848D6926F2589800CF2BD7 /* Token.swift in Sources */ = {isa = PBXBuildFile; fileRef = 31848D6826F2589800CF2BD7 /* Token.swift */; };
		31848D6B26F26E5D00CF2BD7 /* TokenKeyChainHelper.swift in Sources */ = {isa = PBXBuildFile; fileRef = 31848D6A26F26E5C00CF2BD7 /* TokenKeyChainHelper.swift */; };
		318B5FD726EFC3C6003A5006 /* SessionManager.swift in Sources */ = {isa = PBXBuildFile; fileRef = 318B5FD626EFC3C6003A5006 /* SessionManager.swift */; };
		3194462C26F0FAE7002D2871 /* User.swift in Sources */ = {isa = PBXBuildFile; fileRef = 3194462B26F0FAE7002D2871 /* User.swift */; };
		3194462E26F0FC68002D2871 /* LogInView.swift in Sources */ = {isa = PBXBuildFile; fileRef = 3194462D26F0FC68002D2871 /* LogInView.swift */; };
		31F4791C26F1041400C97627 /* EntryView.swift in Sources */ = {isa = PBXBuildFile; fileRef = 31F4791B26F1041400C97627 /* EntryView.swift */; };
/* End PBXBuildFile section */

/* Begin PBXFileReference section */
		31014D5426EFC2E400569F65 /* django Message App.app */ = {isa = PBXFileReference; explicitFileType = wrapper.application; includeInIndex = 0; path = "django Message App.app"; sourceTree = BUILT_PRODUCTS_DIR; };
		31014D5726EFC2E400569F65 /* django_Message_AppApp.swift */ = {isa = PBXFileReference; lastKnownFileType = sourcecode.swift; path = django_Message_AppApp.swift; sourceTree = "<group>"; };
		31014D5926EFC2E400569F65 /* ContentView.swift */ = {isa = PBXFileReference; lastKnownFileType = sourcecode.swift; path = ContentView.swift; sourceTree = "<group>"; };
		31014D5B26EFC2E500569F65 /* Assets.xcassets */ = {isa = PBXFileReference; lastKnownFileType = folder.assetcatalog; path = Assets.xcassets; sourceTree = "<group>"; };
		31014D5E26EFC2E500569F65 /* Preview Assets.xcassets */ = {isa = PBXFileReference; lastKnownFileType = folder.assetcatalog; path = "Preview Assets.xcassets"; sourceTree = "<group>"; };
		318099EB26F3B5FB00B88C34 /* LoadingView.swift */ = {isa = PBXFileReference; lastKnownFileType = sourcecode.swift; path = LoadingView.swift; sourceTree = "<group>"; };
		31848D6626F2541400CF2BD7 /* SessionAPI.swift */ = {isa = PBXFileReference; lastKnownFileType = sourcecode.swift; path = SessionAPI.swift; sourceTree = "<group>"; };
		31848D6826F2589800CF2BD7 /* Token.swift */ = {isa = PBXFileReference; lastKnownFileType = sourcecode.swift; path = Token.swift; sourceTree = "<group>"; };
		31848D6A26F26E5C00CF2BD7 /* TokenKeyChainHelper.swift */ = {isa = PBXFileReference; lastKnownFileType = sourcecode.swift; path = TokenKeyChainHelper.swift; sourceTree = "<group>"; };
		318B5FD626EFC3C6003A5006 /* SessionManager.swift */ = {isa = PBXFileReference; lastKnownFileType = sourcecode.swift; path = SessionManager.swift; sourceTree = "<group>"; };
		3194462B26F0FAE7002D2871 /* User.swift */ = {isa = PBXFileReference; lastKnownFileType = sourcecode.swift; path = User.swift; sourceTree = "<group>"; };
		3194462D26F0FC68002D2871 /* LogInView.swift */ = {isa = PBXFileReference; lastKnownFileType = sourcecode.swift; path = LogInView.swift; sourceTree = "<group>"; };
		31F4791B26F1041400C97627 /* EntryView.swift */ = {isa = PBXFileReference; lastKnownFileType = sourcecode.swift; path = EntryView.swift; sourceTree = "<group>"; };
		31F4791D26F1060200C97627 /* django-Message-App-Info.plist */ = {isa = PBXFileReference; lastKnownFileType = text.plist; path = "django-Message-App-Info.plist"; sourceTree = SOURCE_ROOT; };
/* End PBXFileReference section */

/* Begin PBXFrameworksBuildPhase section */
		31014D5126EFC2E400569F65 /* Frameworks */ = {
			isa = PBXFrameworksBuildPhase;
			buildActionMask = 2147483647;
			files = (
			);
			runOnlyForDeploymentPostprocessing = 0;
		};
/* End PBXFrameworksBuildPhase section */

/* Begin PBXGroup section */
		31014D4B26EFC2E400569F65 = {
			isa = PBXGroup;
			children = (
				31014D5626EFC2E400569F65 /* django Message App */,
				31014D5526EFC2E400569F65 /* Products */,
			);
			sourceTree = "<group>";
		};
		31014D5526EFC2E400569F65 /* Products */ = {
			isa = PBXGroup;
			children = (
				31014D5426EFC2E400569F65 /* django Message App.app */,
			);
			name = Products;
			sourceTree = "<group>";
		};
		31014D5626EFC2E400569F65 /* django Message App */ = {
			isa = PBXGroup;
			children = (
				31F4791D26F1060200C97627 /* django-Message-App-Info.plist */,
				31848D6C26F26E6A00CF2BD7 /* Helper */,
				3194462A26F0FAC6002D2871 /* Model */,
				318B5FD526EFC39D003A5006 /* API */,
				31014D5726EFC2E400569F65 /* django_Message_AppApp.swift */,
				318B5FD626EFC3C6003A5006 /* SessionManager.swift */,
				318099EB26F3B5FB00B88C34 /* LoadingView.swift */,
				3194462D26F0FC68002D2871 /* LogInView.swift */,
				31014D5926EFC2E400569F65 /* ContentView.swift */,
				31F4791B26F1041400C97627 /* EntryView.swift */,
				31014D5B26EFC2E500569F65 /* Assets.xcassets */,
				31014D5D26EFC2E500569F65 /* Preview Content */,
			);
			path = "django Message App";
			sourceTree = "<group>";
		};
		31014D5D26EFC2E500569F65 /* Preview Content */ = {
			isa = PBXGroup;
			children = (
				31014D5E26EFC2E500569F65 /* Preview Assets.xcassets */,
			);
			path = "Preview Content";
			sourceTree = "<group>";
		};
		31848D6C26F26E6A00CF2BD7 /* Helper */ = {
			isa = PBXGroup;
			children = (
				31848D6A26F26E5C00CF2BD7 /* TokenKeyChainHelper.swift */,
			);
			path = Helper;
			sourceTree = "<group>";
		};
		318B5FD526EFC39D003A5006 /* API */ = {
			isa = PBXGroup;
			children = (
				31848D6626F2541400CF2BD7 /* SessionAPI.swift */,
			);
			path = API;
			sourceTree = "<group>";
		};
		3194462A26F0FAC6002D2871 /* Model */ = {
			isa = PBXGroup;
			children = (
				3194462B26F0FAE7002D2871 /* User.swift */,
				31848D6826F2589800CF2BD7 /* Token.swift */,
			);
			path = Model;
			sourceTree = "<group>";
		};
/* End PBXGroup section */

/* Begin PBXNativeTarget section */
		31014D5326EFC2E400569F65 /* django Message App */ = {
			isa = PBXNativeTarget;
			buildConfigurationList = 31014D6226EFC2E500569F65 /* Build configuration list for PBXNativeTarget "django Message App" */;
			buildPhases = (
				31014D5026EFC2E400569F65 /* Sources */,
				31014D5126EFC2E400569F65 /* Frameworks */,
				31014D5226EFC2E400569F65 /* Resources */,
			);
			buildRules = (
			);
			dependencies = (
			);
			name = "django Message App";
			productName = "django Message App";
			productReference = 31014D5426EFC2E400569F65 /* django Message App.app */;
			productType = "com.apple.product-type.application";
		};
/* End PBXNativeTarget section */

/* Begin PBXProject section */
		31014D4C26EFC2E400569F65 /* Project object */ = {
			isa = PBXProject;
			attributes = {
				BuildIndependentTargetsInParallel = 1;
				LastSwiftUpdateCheck = 1300;
				LastUpgradeCheck = 1300;
				TargetAttributes = {
					31014D5326EFC2E400569F65 = {
						CreatedOnToolsVersion = 13.0;
					};
				};
			};
			buildConfigurationList = 31014D4F26EFC2E400569F65 /* Build configuration list for PBXProject "django Message App" */;
			compatibilityVersion = "Xcode 13.0";
			developmentRegion = en;
			hasScannedForEncodings = 0;
			knownRegions = (
				en,
				Base,
			);
			mainGroup = 31014D4B26EFC2E400569F65;
			productRefGroup = 31014D5526EFC2E400569F65 /* Products */;
			projectDirPath = "";
			projectRoot = "";
			targets = (
				31014D5326EFC2E400569F65 /* django Message App */,
			);
		};
/* End PBXProject section */

/* Begin PBXResourcesBuildPhase section */
		31014D5226EFC2E400569F65 /* Resources */ = {
			isa = PBXResourcesBuildPhase;
			buildActionMask = 2147483647;
			files = (
				31014D5F26EFC2E500569F65 /* Preview Assets.xcassets in Resources */,
				31014D5C26EFC2E500569F65 /* Assets.xcassets in Resources */,
			);
			runOnlyForDeploymentPostprocessing = 0;
		};
/* End PBXResourcesBuildPhase section */

/* Begin PBXSourcesBuildPhase section */
		31014D5026EFC2E400569F65 /* Sources */ = {
			isa = PBXSourcesBuildPhase;
			buildActionMask = 2147483647;
			files = (
				31848D6726F2541400CF2BD7 /* SessionAPI.swift in Sources */,
				31848D6B26F26E5D00CF2BD7 /* TokenKeyChainHelper.swift in Sources */,
				3194462E26F0FC68002D2871 /* LogInView.swift in Sources */,
				318099EC26F3B5FB00B88C34 /* LoadingView.swift in Sources */,
				3194462C26F0FAE7002D2871 /* User.swift in Sources */,
				318B5FD726EFC3C6003A5006 /* SessionManager.swift in Sources */,
				31014D5A26EFC2E400569F65 /* ContentView.swift in Sources */,
				31014D5826EFC2E400569F65 /* django_Message_AppApp.swift in Sources */,
				31F4791C26F1041400C97627 /* EntryView.swift in Sources */,
				31848D6926F2589800CF2BD7 /* Token.swift in Sources */,
			);
			runOnlyForDeploymentPostprocessing = 0;
		};
/* End PBXSourcesBuildPhase section */

/* Begin XCBuildConfiguration section */
		31014D6026EFC2E500569F65 /* Debug */ = {
			isa = XCBuildConfiguration;
			buildSettings = {
				ALWAYS_SEARCH_USER_PATHS = NO;
				CLANG_ANALYZER_NONNULL = YES;
				CLANG_ANALYZER_NUMBER_OBJECT_CONVERSION = YES_AGGRESSIVE;
				CLANG_CXX_LANGUAGE_STANDARD = "gnu++17";
				CLANG_CXX_LIBRARY = "libc++";
				CLANG_ENABLE_MODULES = YES;
				CLANG_ENABLE_OBJC_ARC = YES;
				CLANG_ENABLE_OBJC_WEAK = YES;
				CLANG_WARN_BLOCK_CAPTURE_AUTORELEASING = YES;
				CLANG_WARN_BOOL_CONVERSION = YES;
				CLANG_WARN_COMMA = YES;
				CLANG_WARN_CONSTANT_CONVERSION = YES;
				CLANG_WARN_DEPRECATED_OBJC_IMPLEMENTATIONS = YES;
				CLANG_WARN_DIRECT_OBJC_ISA_USAGE = YES_ERROR;
				CLANG_WARN_DOCUMENTATION_COMMENTS = YES;
				CLANG_WARN_EMPTY_BODY = YES;
				CLANG_WARN_ENUM_CONVERSION = YES;
				CLANG_WARN_INFINITE_RECURSION = YES;
				CLANG_WARN_INT_CONVERSION = YES;
				CLANG_WARN_NON_LITERAL_NULL_CONVERSION = YES;
				CLANG_WARN_OBJC_IMPLICIT_RETAIN_SELF = YES;
				CLANG_WARN_OBJC_LITERAL_CONVERSION = YES;
				CLANG_WARN_OBJC_ROOT_CLASS = YES_ERROR;
				CLANG_WARN_QUOTED_INCLUDE_IN_FRAMEWORK_HEADER = YES;
				CLANG_WARN_RANGE_LOOP_ANALYSIS = YES;
				CLANG_WARN_STRICT_PROTOTYPES = YES;
				CLANG_WARN_SUSPICIOUS_MOVE = YES;
				CLANG_WARN_UNGUARDED_AVAILABILITY = YES_AGGRESSIVE;
				CLANG_WARN_UNREACHABLE_CODE = YES;
				CLANG_WARN__DUPLICATE_METHOD_MATCH = YES;
				COPY_PHASE_STRIP = NO;
				DEBUG_INFORMATION_FORMAT = dwarf;
				ENABLE_STRICT_OBJC_MSGSEND = YES;
				ENABLE_TESTABILITY = YES;
				GCC_C_LANGUAGE_STANDARD = gnu11;
				GCC_DYNAMIC_NO_PIC = NO;
				GCC_NO_COMMON_BLOCKS = YES;
				GCC_OPTIMIZATION_LEVEL = 0;
				GCC_PREPROCESSOR_DEFINITIONS = (
					"DEBUG=1",
					"$(inherited)",
				);
				GCC_WARN_64_TO_32_BIT_CONVERSION = YES;
				GCC_WARN_ABOUT_RETURN_TYPE = YES_ERROR;
				GCC_WARN_UNDECLARED_SELECTOR = YES;
				GCC_WARN_UNINITIALIZED_AUTOS = YES_AGGRESSIVE;
				GCC_WARN_UNUSED_FUNCTION = YES;
				GCC_WARN_UNUSED_VARIABLE = YES;
				IPHONEOS_DEPLOYMENT_TARGET = 15.0;
				MTL_ENABLE_DEBUG_INFO = INCLUDE_SOURCE;
				MTL_FAST_MATH = YES;
				ONLY_ACTIVE_ARCH = YES;
				SDKROOT = iphoneos;
				SWIFT_ACTIVE_COMPILATION_CONDITIONS = DEBUG;
				SWIFT_OPTIMIZATION_LEVEL = "-Onone";
			};
			name = Debug;
		};
		31014D6126EFC2E500569F65 /* Release */ = {
			isa = XCBuildConfiguration;
			buildSettings = {
				ALWAYS_SEARCH_USER_PATHS = NO;
				CLANG_ANALYZER_NONNULL = YES;
				CLANG_ANALYZER_NUMBER_OBJECT_CONVERSION = YES_AGGRESSIVE;
				CLANG_CXX_LANGUAGE_STANDARD = "gnu++17";
				CLANG_CXX_LIBRARY = "libc++";
				CLANG_ENABLE_MODULES = YES;
				CLANG_ENABLE_OBJC_ARC = YES;
				CLANG_ENABLE_OBJC_WEAK = YES;
				CLANG_WARN_BLOCK_CAPTURE_AUTORELEASING = YES;
				CLANG_WARN_BOOL_CONVERSION = YES;
				CLANG_WARN_COMMA = YES;
				CLANG_WARN_CONSTANT_CONVERSION = YES;
				CLANG_WARN_DEPRECATED_OBJC_IMPLEMENTATIONS = YES;
				CLANG_WARN_DIRECT_OBJC_ISA_USAGE = YES_ERROR;
				CLANG_WARN_DOCUMENTATION_COMMENTS = YES;
				CLANG_WARN_EMPTY_BODY = YES;
				CLANG_WARN_ENUM_CONVERSION = YES;
				CLANG_WARN_INFINITE_RECURSION = YES;
				CLANG_WARN_INT_CONVERSION = YES;
				CLANG_WARN_NON_LITERAL_NULL_CONVERSION = YES;
				CLANG_WARN_OBJC_IMPLICIT_RETAIN_SELF = YES;
				CLANG_WARN_OBJC_LITERAL_CONVERSION = YES;
				CLANG_WARN_OBJC_ROOT_CLASS = YES_ERROR;
				CLANG_WARN_QUOTED_INCLUDE_IN_FRAMEWORK_HEADER = YES;
				CLANG_WARN_RANGE_LOOP_ANALYSIS = YES;
				CLANG_WARN_STRICT_PROTOTYPES = YES;
				CLANG_WARN_SUSPICIOUS_MOVE = YES;
				CLANG_WARN_UNGUARDED_AVAILABILITY = YES_AGGRESSIVE;
				CLANG_WARN_UNREACHABLE_CODE = YES;
				CLANG_WARN__DUPLICATE_METHOD_MATCH = YES;
				COPY_PHASE_STRIP = NO;
				DEBUG_INFORMATION_FORMAT = "dwarf-with-dsym";
				ENABLE_NS_ASSERTIONS = NO;
				ENABLE_STRICT_OBJC_MSGSEND = YES;
				GCC_C_LANGUAGE_STANDARD = gnu11;
				GCC_NO_COMMON_BLOCKS = YES;
				GCC_WARN_64_TO_32_BIT_CONVERSION = YES;
				GCC_WARN_ABOUT_RETURN_TYPE = YES_ERROR;
				GCC_WARN_UNDECLARED_SELECTOR = YES;
				GCC_WARN_UNINITIALIZED_AUTOS = YES_AGGRESSIVE;
				GCC_WARN_UNUSED_FUNCTION = YES;
				GCC_WARN_UNUSED_VARIABLE = YES;
				IPHONEOS_DEPLOYMENT_TARGET = 15.0;
				MTL_ENABLE_DEBUG_INFO = NO;
				MTL_FAST_MATH = YES;
				SDKROOT = iphoneos;
				SWIFT_COMPILATION_MODE = wholemodule;
				SWIFT_OPTIMIZATION_LEVEL = "-O";
				VALIDATE_PRODUCT = YES;
			};
			name = Release;
		};
		31014D6326EFC2E500569F65 /* Debug */ = {
			isa = XCBuildConfiguration;
			buildSettings = {
				ASSETCATALOG_COMPILER_APPICON_NAME = AppIcon;
				ASSETCATALOG_COMPILER_GLOBAL_ACCENT_COLOR_NAME = AccentColor;
				CODE_SIGN_STYLE = Automatic;
				CURRENT_PROJECT_VERSION = 1;
				DEVELOPMENT_ASSET_PATHS = "\"django Message App/Preview Content\"";
				DEVELOPMENT_TEAM = 98BMUDV2YN;
				ENABLE_PREVIEWS = YES;
				GENERATE_INFOPLIST_FILE = YES;
				INFOPLIST_FILE = "django-Message-App-Info.plist";
				INFOPLIST_KEY_UIApplicationSceneManifest_Generation = YES;
				INFOPLIST_KEY_UIApplicationSupportsIndirectInputEvents = YES;
				INFOPLIST_KEY_UISupportedInterfaceOrientations = UIInterfaceOrientationPortrait;
				INFOPLIST_KEY_UISupportedInterfaceOrientations_iPad = "UIInterfaceOrientationPortrait UIInterfaceOrientationPortraitUpsideDown UIInterfaceOrientationLandscapeLeft UIInterfaceOrientationLandscapeRight";
				INFOPLIST_KEY_UISupportedInterfaceOrientations_iPhone = "UIInterfaceOrientationPortrait UIInterfaceOrientationLandscapeLeft UIInterfaceOrientationLandscapeRight";
				IPHONEOS_DEPLOYMENT_TARGET = 15.0;
				LD_RUNPATH_SEARCH_PATHS = (
					"$(inherited)",
					"@executable_path/Frameworks",
				);
				MARKETING_VERSION = 1.0;
				PRODUCT_BUNDLE_IDENTIFIER = "com.django-Message-App";
				PRODUCT_NAME = "$(TARGET_NAME)";
				SWIFT_EMIT_LOC_STRINGS = YES;
				SWIFT_VERSION = 5.0;
				TARGETED_DEVICE_FAMILY = "1,2";
			};
			name = Debug;
		};
		31014D6426EFC2E500569F65 /* Release */ = {
			isa = XCBuildConfiguration;
			buildSettings = {
				ASSETCATALOG_COMPILER_APPICON_NAME = AppIcon;
				ASSETCATALOG_COMPILER_GLOBAL_ACCENT_COLOR_NAME = AccentColor;
				CODE_SIGN_STYLE = Automatic;
				CURRENT_PROJECT_VERSION = 1;
				DEVELOPMENT_ASSET_PATHS = "\"django Message App/Preview Content\"";
				DEVELOPMENT_TEAM = 98BMUDV2YN;
				ENABLE_PREVIEWS = YES;
				GENERATE_INFOPLIST_FILE = YES;
				INFOPLIST_FILE = "django-Message-App-Info.plist";
				INFOPLIST_KEY_UIApplicationSceneManifest_Generation = YES;
				INFOPLIST_KEY_UIApplicationSupportsIndirectInputEvents = YES;
				INFOPLIST_KEY_UISupportedInterfaceOrientations = UIInterfaceOrientationPortrait;
				INFOPLIST_KEY_UISupportedInterfaceOrientations_iPad = "UIInterfaceOrientationPortrait UIInterfaceOrientationPortraitUpsideDown UIInterfaceOrientationLandscapeLeft UIInterfaceOrientationLandscapeRight";
				INFOPLIST_KEY_UISupportedInterfaceOrientations_iPhone = "UIInterfaceOrientationPortrait UIInterfaceOrientationLandscapeLeft UIInterfaceOrientationLandscapeRight";
				IPHONEOS_DEPLOYMENT_TARGET = 15.0;
				LD_RUNPATH_SEARCH_PATHS = (
					"$(inherited)",
					"@executable_path/Frameworks",
				);
				MARKETING_VERSION = 1.0;
				PRODUCT_BUNDLE_IDENTIFIER = "com.django-Message-App";
				PRODUCT_NAME = "$(TARGET_NAME)";
				SWIFT_EMIT_LOC_STRINGS = YES;
				SWIFT_VERSION = 5.0;
				TARGETED_DEVICE_FAMILY = "1,2";
			};
			name = Release;
		};
/* End XCBuildConfiguration section */

/* Begin XCConfigurationList section */
		31014D4F26EFC2E400569F65 /* Build configuration list for PBXProject "django Message App" */ = {
			isa = XCConfigurationList;
			buildConfigurations = (
				31014D6026EFC2E500569F65 /* Debug */,
				31014D6126EFC2E500569F65 /* Release */,
			);
			defaultConfigurationIsVisible = 0;
			defaultConfigurationName = Release;
		};
		31014D6226EFC2E500569F65 /* Build configuration list for PBXNativeTarget "django Message App" */ = {
			isa = XCConfigurationList;
			buildConfigurations = (
				31014D6326EFC2E500569F65 /* Debug */,
				31014D6426EFC2E500569F65 /* Release */,
			);
			defaultConfigurationIsVisible = 0;
			defaultConfigurationName = Release;
		};
/* End XCConfigurationList section */
	};
	rootObject = 31014D4C26EFC2E400569F65 /* Project object */;
}
